
Microsoft Visual Studio Solution File, Format Version 12.00
# Visual Studio Version 16
VisualStudioVersion = 25.0.1706.6
MinimumVisualStudioVersion = 10.0.40219.1
Project("{FAE04EC0-301F-11D3-BF4B-00C04F79EFBC}") = "Hayvan Sınıf Diyagramı - Patika", "Hayvan Sınıf Diyagramı - Patika\Hayvan Sınıf Diyagramı - Patika.csproj", "{C87091E5-F684-4EBB-AB6D-6522B2A6250B}"
EndProject
Global
	GlobalSection(SolutionConfigurationPlatforms) = preSolution
		Debug|Any CPU = Debug|Any CPU
		Release|Any CPU = Release|Any CPU
	EndGlobalSection
	GlobalSection(ProjectConfigurationPlatforms) = postSolution
		{C87091E5-F684-4EBB-AB6D-6522B2A6250B}.Debug|Any CPU.ActiveCfg = Debug|Any CPU
		{C87091E5-F684-4EBB-AB6D-6522B2A6250B}.Debug|Any CPU.Build.0 = Debug|Any CPU
		{C87091E5-F684-4EBB-AB6D-6522B2A6250B}.Release|Any CPU.ActiveCfg = Release|Any CPU
		{C87091E5-F684-4EBB-AB6D-6522B2A6250B}.Release|Any CPU.Build.0 = Release|Any CPU
	EndGlobalSection
	GlobalSection(SolutionProperties) = preSolution
		HideSolutionNode = FALSE
	EndGlobalSection
	GlobalSection(ExtensibilityGlobals) = postSolution
		SolutionGuid = {5B46BC13-9209-4A61-B12E-A231C2D6DB08}
	EndGlobalSection
EndGlobal
